
Microsoft Visual Studio Solution File, Format Version 12.00
# Visual Studio Version 16
VisualStudioVersion = 16.0.30907.101
MinimumVisualStudioVersion = 10.0.40219.1
Project("{FAE04EC0-301F-11D3-BF4B-00C04F79EFBC}") = "FlipkartApplication", "FlipkartApplication.csproj", "{1164B438-D14E-4986-9EAF-F3D859351314}"
EndProject
Global
	GlobalSection(SolutionConfigurationPlatforms) = preSolution
		Debug|Any CPU = Debug|Any CPU
		Release|Any CPU = Release|Any CPU
	EndGlobalSection
	GlobalSection(ProjectConfigurationPlatforms) = postSolution
		{1164B438-D14E-4986-9EAF-F3D859351314}.Debug|Any CPU.ActiveCfg = Debug|Any CPU
		{1164B438-D14E-4986-9EAF-F3D859351314}.Debug|Any CPU.Build.0 = Debug|Any CPU
		{1164B438-D14E-4986-9EAF-F3D859351314}.Release|Any CPU.ActiveCfg = Release|Any CPU
		{1164B438-D14E-4986-9EAF-F3D859351314}.Release|Any CPU.Build.0 = Release|Any CPU
	EndGlobalSection
	GlobalSection(SolutionProperties) = preSolution
		HideSolutionNode = FALSE
	EndGlobalSection
	GlobalSection(ExtensibilityGlobals) = postSolution
		SolutionGuid = {D1DE7B2A-A839-4A28-957B-1A50433356B1}
	EndGlobalSection
EndGlobal
