
Microsoft Visual Studio Solution File, Format Version 12.00
# Visual Studio Version 16
VisualStudioVersion = 16.0.30907.101
MinimumVisualStudioVersion = 10.0.40219.1
Project("{FAE04EC0-301F-11D3-BF4B-00C04F79EFBC}") = "FileManager", "FileManager.csproj", "{1EFE4E31-C60E-4787-B32C-7A851E034413}"
EndProject
Global
	GlobalSection(SolutionConfigurationPlatforms) = preSolution
		Debug|Any CPU = Debug|Any CPU
		Release|Any CPU = Release|Any CPU
	EndGlobalSection
	GlobalSection(ProjectConfigurationPlatforms) = postSolution
		{1EFE4E31-C60E-4787-B32C-7A851E034413}.Debug|Any CPU.ActiveCfg = Debug|Any CPU
		{1EFE4E31-C60E-4787-B32C-7A851E034413}.Debug|Any CPU.Build.0 = Debug|Any CPU
		{1EFE4E31-C60E-4787-B32C-7A851E034413}.Release|Any CPU.ActiveCfg = Release|Any CPU
		{1EFE4E31-C60E-4787-B32C-7A851E034413}.Release|Any CPU.Build.0 = Release|Any CPU
	EndGlobalSection
	GlobalSection(SolutionProperties) = preSolution
		HideSolutionNode = FALSE
	EndGlobalSection
	GlobalSection(ExtensibilityGlobals) = postSolution
		SolutionGuid = {1E84AAAF-79BE-46AF-BA36-2AAD51D4A0E5}
	EndGlobalSection
EndGlobal
